github.com/Haepapa/appres v0.0.0-20250827090250-c985b089d737 h1:0aXHWud3QMZKbtrLab/iBRXLGnSFgokZhirY5Kc4ND0=
github.com/Haepapa/appres v0.0.0-20250827090250-c985b089d737/go.mod h1:cBvsdIBYPzutfteMM0WtKrOb7vyBIfLJEk56BJ5rt9I=
github.com/appwrite/sdk-for-go v0.7.0 h1:w0hSO4XEKRqMPlELsG/Z3lHrVsYl3YKZVnMocqU8NaQ=
github.com/appwrite/sdk-for-go v0.7.0/go.mod h1:aFiOAbfOzGS3811eMCt3T9WDBvjvPVAfOjw10Vghi4E=
github.com/joho/godotenv v1.5.1 h1:7eLL/+HRGLY0ldzfGMeQkb7vMd0as4CfYvUVzLqw0N0=
github.com/joho/godotenv v1.5.1/go.mod h1:f4LDr5Voq0i2e/R5DDNOoa2zzDfwtkZa6DnEwAbqwq4=
