github.com/Haepapa/appres v0.0.0-20250916022253-47053d931988 h1:yhZlQnM8rIk1toSWjYl24AyXlLJtvR9OQ3TXyQM0/MQ=
github.com/Haepapa/appres v0.0.0-20250916022253-47053d931988/go.mod h1:cBvsdIBYPzutfteMM0WtKrOb7vyBIfLJEk56BJ5rt9I=
github.com/Haepapa/appres v0.0.0-20250916032127-bdeb6fd02219 h1:PSPjN3lizLyLxESWXQVi/pbCS24oGglVUroovzgchSk=
github.com/Haepapa/appres v0.0.0-20250916032127-bdeb6fd02219/go.mod h1:cBvsdIBYPzutfteMM0WtKrOb7vyBIfLJEk56BJ5rt9I=
github.com/Haepapa/appres v0.0.3-alpha h1:+NsfQR8D3xPwNjk//LZ2GNdjPexcREtZjieed7Fes20=
github.com/Haepapa/appres v0.0.3-alpha/go.mod h1:cBvsdIBYPzutfteMM0WtKrOb7vyBIfLJEk56BJ5rt9I=
github.com/appwrite/sdk-for-go v0.11.0 h1:Ooz1YlaYfJswrcbXvUAmPYZMtBPOPtz4Y4e3awSvHXg=
github.com/appwrite/sdk-for-go v0.11.0/go.mod h1:aFiOAbfOzGS3811eMCt3T9WDBvjvPVAfOjw10Vghi4E=
github.com/joho/godotenv v1.5.1 h1:7eLL/+HRGLY0ldzfGMeQkb7vMd0as4CfYvUVzLqw0N0=
github.com/joho/godotenv v1.5.1/go.mod h1:f4LDr5Voq0i2e/R5DDNOoa2zzDfwtkZa6DnEwAbqwq4=
